<?xml version="1.0" encoding="utf-8"?>
<Project ToolsVersion="4.0" xmlns="http://schemas.microsoft.com/developer/msbuild/2003">
  <ItemGroup>
    <Filter Include="Source Files">
      <UniqueIdentifier>{4FC737F1-C7A5-4376-A066-2A32D752A2FF}</UniqueIdentifier>
      <Extensions>cpp;c;cc;cxx;c++;cppm;ixx;def;odl;idl;hpj;bat;asm;asmx</Extensions>
    </Filter>
    <Filter Include="Header Files">
      <UniqueIdentifier>{93995380-89BD-4b04-88EB-625FBE52EBFB}</UniqueIdentifier>
      <Extensions>h;hh;hpp;hxx;h++;hm;inl;inc;ipp;xsd</Extensions>
    </Filter>
    <Filter Include="Resource Files">
      <UniqueIdentifier>{67DA6AB6-F800-4c08-8B7A-83BB121AAD01}</UniqueIdentifier>
      <Extensions>rc;ico;cur;bmp;dlg;rc2;rct;bin;rgs;gif;jpg;jpeg;jpe;resx;tiff;tif;png;wav;mfcribbon-ms</Extensions>
    </Filter>
    <Filter Include="Header Files\HW1&amp;2">
      <UniqueIdentifier>{bf7a2678-4fd4-4627-82d2-aaa56cf84b6f}</UniqueIdentifier>
    </Filter>
    <Filter Include="Source Files\HW1&amp;2">
      <UniqueIdentifier>{adf7cce1-8277-44df-a1cc-c284e32ef4b4}</UniqueIdentifier>
    </Filter>
    <Filter Include="Header Files\HW4">
      <UniqueIdentifier>{43b8aed2-ea84-4d51-ba86-b7ae231d9559}</UniqueIdentifier>
    </Filter>
    <Filter Include="Header Files\HW3">
      <UniqueIdentifier>{3ce4b45c-f38c-4cb1-9b0e-a39c01b37f18}</UniqueIdentifier>
    </Filter>
    <Filter Include="Source Files\HW3">
      <UniqueIdentifier>{e8a02296-4c3f-4554-8133-98c8cd24065c}</UniqueIdentifier>
    </Filter>
    <Filter Include="Source Files\HW4">
      <UniqueIdentifier>{f38d800e-b794-41b1-a4a2-78906b81238b}</UniqueIdentifier>
    </Filter>
  </ItemGroup>
  <ItemGroup>
    <ClCompile Include="main.cpp">
      <Filter>Source Files</Filter>
    </ClCompile>
    <ClCompile Include="arrayOperations.cpp">
      <Filter>Source Files\HW1&amp;2</Filter>
    </ClCompile>
    <ClCompile Include="computePi.cpp">
      <Filter>Source Files\HW1&amp;2</Filter>
    </ClCompile>
    <ClCompile Include="factorialGoneWrong.cpp">
      <Filter>Source Files\HW1&amp;2</Filter>
    </ClCompile>
    <ClCompile Include="sumFunction.cpp">
      <Filter>Source Files\HW1&amp;2</Filter>
    </ClCompile>
    <ClCompile Include="HW7.cpp">
      <Filter>Source Files\HW1&amp;2</Filter>
    </ClCompile>
    <ClCompile Include="statGen.cpp">
      <Filter>Source Files\HW1&amp;2</Filter>
    </ClCompile>
    <ClCompile Include="geometry.cpp">
      <Filter>Source Files\HW3</Filter>
    </ClCompile>
    <ClCompile Include="HW4_main.cpp">
      <Filter>Source Files\HW4</Filter>
    </ClCompile>
    <ClCompile Include="blackjack.cpp">
      <Filter>Source Files</Filter>
    </ClCompile>
  </ItemGroup>
  <ItemGroup>
    <ClInclude Include="statGen.h">
      <Filter>Header Files\HW1&amp;2</Filter>
    </ClInclude>
    <ClInclude Include="arrayOperations.h">
      <Filter>Header Files\HW1&amp;2</Filter>
    </ClInclude>
    <ClInclude Include="computePi.h">
      <Filter>Header Files\HW1&amp;2</Filter>
    </ClInclude>
    <ClInclude Include="factorialGoneWrong.h">
      <Filter>Header Files\HW1&amp;2</Filter>
    </ClInclude>
    <ClInclude Include="HW7.h">
      <Filter>Header Files\HW1&amp;2</Filter>
    </ClInclude>
    <ClInclude Include="sumFunction.h">
      <Filter>Header Files\HW1&amp;2</Filter>
    </ClInclude>
    <ClInclude Include="HW4_min.h">
      <Filter>Header Files\HW4</Filter>
    </ClInclude>
    <ClInclude Include="geometry.h">
      <Filter>Header Files\HW3</Filter>
    </ClInclude>
    <ClInclude Include="blackjack.h">
      <Filter>Header Files</Filter>
    </ClInclude>
  </ItemGroup>
</Project>